
Microsoft Visual Studio Solution File, Format Version 12.00
# Visual Studio 15
VisualStudioVersion = 15.0.28307.960
MinimumVisualStudioVersion = 10.0.40219.1
Project("{FAE04EC0-301F-11D3-BF4B-00C04F79EFBC}") = "001-面向对象之继承", "ConsoleApp1\001-面向对象之继承.csproj", "{437840D7-4047-492C-A5CA-1BEE4CB3B46A}"
EndProject
Project("{FAE04EC0-301F-11D3-BF4B-00C04F79EFBC}") = "WindowsFormsApp1", "WindowsFormsApp1\WindowsFormsApp1.csproj", "{C46E46F4-35FD-4951-9300-12C8407D9D9F}"
EndProject
Project("{FAE04EC0-301F-11D3-BF4B-00C04F79EFBC}") = "002-集合", "002-集合\002-集合.csproj", "{E06FCEAF-B2D9-4690-9032-5317A83BFA77}"
EndProject
Project("{FAE04EC0-301F-11D3-BF4B-00C04F79EFBC}") = "003-观察者模式1-抽象类", "003-观察者模式1\003-观察者模式1-抽象类.csproj", "{5CF441B3-DBDA-412A-9FDC-DCE76CF355B2}"
EndProject
Project("{FAE04EC0-301F-11D3-BF4B-00C04F79EFBC}") = "003-观察者模式2-事件委托", "003-观察者模式2\003-观察者模式2-事件委托.csproj", "{C1AD8424-09D6-41B6-BCD1-DF1AA0F0D696}"
EndProject
Project("{FAE04EC0-301F-11D3-BF4B-00C04F79EFBC}") = "003-观察者模式3-解耦订阅", "004-观察者模式3-解耦订阅\003-观察者模式3-解耦订阅.csproj", "{FE214B19-32EF-4423-A3E0-BBBD789DB7BB}"
EndProject
Project("{FAE04EC0-301F-11D3-BF4B-00C04F79EFBC}") = "004-单例模式", "004-单例模式\004-单例模式.csproj", "{C1AF4D12-4536-4B84-8098-E5D46CD74721}"
EndProject
Project("{FAE04EC0-301F-11D3-BF4B-00C04F79EFBC}") = "005-第二章-策略模式", "005-第二章-策略模式\005-第二章-策略模式.csproj", "{4F7D7D9C-9258-48BA-BB50-61B7400D83AD}"
EndProject
Project("{FAE04EC0-301F-11D3-BF4B-00C04F79EFBC}") = "006-第六章-装饰模式", "006-第六章-装饰模式\006-第六章-装饰模式.csproj", "{DCE65431-0E92-4D66-8DB0-50F193F39659}"
EndProject
Project("{9A19103F-16F7-4668-BE54-9A1E7A4F7556}") = "007-第七章-代理模式", "007-第七章-代理模式\007-第七章-代理模式.csproj", "{18706898-7BC2-494E-8B55-3884004FF0D2}"
EndProject
Project("{9A19103F-16F7-4668-BE54-9A1E7A4F7556}") = "008-第八章-工厂方法模式-雷锋依然在人间", "008-第八章-工厂方法模式-雷锋依然在人间\008-第八章-工厂方法模式-雷锋依然在人间.csproj", "{810ECC99-49A2-464C-AB20-1A692DC62BE4}"
EndProject
Project("{FAE04EC0-301F-11D3-BF4B-00C04F79EFBC}") = "016-第十六章-状态模式", "016-第十六章-状态模式\016-第十六章-状态模式.csproj", "{58E91FC5-8997-4F3E-B67C-1D8092C7F0F4}"
EndProject
Project("{FAE04EC0-301F-11D3-BF4B-00C04F79EFBC}") = "016-第十六章-状态模式-自己做另一种", "016-第十六章-状态模式-自己做另一种\016-第十六章-状态模式-自己做另一种.csproj", "{C39C75E5-17E6-4FF2-BCAE-2FE189E62DD0}"
EndProject
Project("{9A19103F-16F7-4668-BE54-9A1E7A4F7556}") = "009-第九章-原型模式", "009-第九章-原型模式\009-第九章-原型模式.csproj", "{CCBEBF6E-007A-434A-9868-232979004292}"
EndProject
Project("{9A19103F-16F7-4668-BE54-9A1E7A4F7556}") = "010-第十章-模板方法模式", "010-第十章-模板方法模式\010-第十章-模板方法模式.csproj", "{3964B8AF-7E3B-4393-A25B-0D79D69914DF}"
EndProject
Project("{9A19103F-16F7-4668-BE54-9A1E7A4F7556}") = "014-第十四章-观察者模式", "014-第十四章-观察者模式\014-第十四章-观察者模式.csproj", "{DBFAF772-FAD7-4DA6-99C3-A86C2A3A2496}"
EndProject
Project("{9A19103F-16F7-4668-BE54-9A1E7A4F7556}") = "013-第十三章-建造者模式", "013-第十三章-建造者模式\013-第十三章-建造者模式.csproj", "{AFA6AFA2-34E3-45DD-9843-D099F15BC4F0}"
EndProject
Project("{FAE04EC0-301F-11D3-BF4B-00C04F79EFBC}") = "100-Typeof测试", "100-Typeof测试\100-Typeof测试.csproj", "{A4C6D9C8-447B-4B2B-B874-26EDE8AC32A2}"
EndProject
Project("{FAE04EC0-301F-11D3-BF4B-00C04F79EFBC}") = "102-子类转父类调子类方法", "102-子类转父类调子类方法\102-子类转父类调子类方法.csproj", "{E26B2C76-FDA0-415C-BABF-C79EECD6F20D}"
EndProject
Project("{FAE04EC0-301F-11D3-BF4B-00C04F79EFBC}") = "015-第十五章-抽象工厂模式", "015-抽象工厂模式\015-第十五章-抽象工厂模式.csproj", "{63A620D3-F9D9-4836-9722-4C27DD5E3D7E}"
EndProject
Project("{FAE04EC0-301F-11D3-BF4B-00C04F79EFBC}") = "103-static关键字测试", "103-static关键字测试\103-static关键字测试.csproj", "{CE114244-4130-4E85-8BA3-5708C6C15786}"
EndProject
Project("{FAE04EC0-301F-11D3-BF4B-00C04F79EFBC}") = "104-protected关键字测试", "104-protected关键字测试\104-protected关键字测试.csproj", "{81254F4F-EA11-447E-9A09-47504A3405CC}"
EndProject
Project("{FAE04EC0-301F-11D3-BF4B-00C04F79EFBC}") = "017-第十七章-适配器模式", "017-适配器模式\017-第十七章-适配器模式.csproj", "{25E1A4D8-F794-4E46-A853-32C86B78A0D7}"
EndProject
Project("{FAE04EC0-301F-11D3-BF4B-00C04F79EFBC}") = "018-第十八章-备忘录模式", "018-第十八章-备忘录模式\018-第十八章-备忘录模式.csproj", "{5B0DDF38-AD44-4F73-AE0B-3555EB8011A9}"
EndProject
Project("{FAE04EC0-301F-11D3-BF4B-00C04F79EFBC}") = "019-第十九章-组合模式", "019-第十九章-组合模式\019-第十九章-组合模式.csproj", "{12C043CB-5882-4875-882D-FE1D8ECE8E8A}"
EndProject
Project("{FAE04EC0-301F-11D3-BF4B-00C04F79EFBC}") = "105-反射学习", "105-反射学习\105-反射学习.csproj", "{8B7D3C59-F4B9-4C51-AA65-EDEE76EAB95E}"
EndProject
Project("{FAE04EC0-301F-11D3-BF4B-00C04F79EFBC}") = "020-第二十章-迭代器模式", "120-第二十章-迭代器模式\020-第二十章-迭代器模式.csproj", "{816E4877-9C47-4B84-AECC-E17FD7D065B8}"
EndProject
Project("{FAE04EC0-301F-11D3-BF4B-00C04F79EFBC}") = "106-类型转换测试", "106-类型转换测试\106-类型转换测试.csproj", "{40F8ECC2-4965-403C-9325-9FB3EB55FDFA}"
EndProject
Project("{FAE04EC0-301F-11D3-BF4B-00C04F79EFBC}") = "ClassLibrary1", "ClassLibrary1\ClassLibrary1.csproj", "{5A70745E-515B-4F4C-9EC5-D18C79D5FC01}"
EndProject
Global
	GlobalSection(SolutionConfigurationPlatforms) = preSolution
		Debug|Any CPU = Debug|Any CPU
		Release|Any CPU = Release|Any CPU
	EndGlobalSection
	GlobalSection(ProjectConfigurationPlatforms) = postSolution
		{437840D7-4047-492C-A5CA-1BEE4CB3B46A}.Debug|Any CPU.ActiveCfg = Debug|Any CPU
		{437840D7-4047-492C-A5CA-1BEE4CB3B46A}.Debug|Any CPU.Build.0 = Debug|Any CPU
		{437840D7-4047-492C-A5CA-1BEE4CB3B46A}.Release|Any CPU.ActiveCfg = Release|Any CPU
		{437840D7-4047-492C-A5CA-1BEE4CB3B46A}.Release|Any CPU.Build.0 = Release|Any CPU
		{C46E46F4-35FD-4951-9300-12C8407D9D9F}.Debug|Any CPU.ActiveCfg = Debug|Any CPU
		{C46E46F4-35FD-4951-9300-12C8407D9D9F}.Debug|Any CPU.Build.0 = Debug|Any CPU
		{C46E46F4-35FD-4951-9300-12C8407D9D9F}.Release|Any CPU.ActiveCfg = Release|Any CPU
		{C46E46F4-35FD-4951-9300-12C8407D9D9F}.Release|Any CPU.Build.0 = Release|Any CPU
		{E06FCEAF-B2D9-4690-9032-5317A83BFA77}.Debug|Any CPU.ActiveCfg = Debug|Any CPU
		{E06FCEAF-B2D9-4690-9032-5317A83BFA77}.Debug|Any CPU.Build.0 = Debug|Any CPU
		{E06FCEAF-B2D9-4690-9032-5317A83BFA77}.Release|Any CPU.ActiveCfg = Release|Any CPU
		{E06FCEAF-B2D9-4690-9032-5317A83BFA77}.Release|Any CPU.Build.0 = Release|Any CPU
		{5CF441B3-DBDA-412A-9FDC-DCE76CF355B2}.Debug|Any CPU.ActiveCfg = Debug|Any CPU
		{5CF441B3-DBDA-412A-9FDC-DCE76CF355B2}.Debug|Any CPU.Build.0 = Debug|Any CPU
		{5CF441B3-DBDA-412A-9FDC-DCE76CF355B2}.Release|Any CPU.ActiveCfg = Release|Any CPU
		{5CF441B3-DBDA-412A-9FDC-DCE76CF355B2}.Release|Any CPU.Build.0 = Release|Any CPU
		{C1AD8424-09D6-41B6-BCD1-DF1AA0F0D696}.Debug|Any CPU.ActiveCfg = Debug|Any CPU
		{C1AD8424-09D6-41B6-BCD1-DF1AA0F0D696}.Debug|Any CPU.Build.0 = Debug|Any CPU
		{C1AD8424-09D6-41B6-BCD1-DF1AA0F0D696}.Release|Any CPU.ActiveCfg = Release|Any CPU
		{C1AD8424-09D6-41B6-BCD1-DF1AA0F0D696}.Release|Any CPU.Build.0 = Release|Any CPU
		{FE214B19-32EF-4423-A3E0-BBBD789DB7BB}.Debug|Any CPU.ActiveCfg = Debug|Any CPU
		{FE214B19-32EF-4423-A3E0-BBBD789DB7BB}.Debug|Any CPU.Build.0 = Debug|Any CPU
		{FE214B19-32EF-4423-A3E0-BBBD789DB7BB}.Release|Any CPU.ActiveCfg = Release|Any CPU
		{FE214B19-32EF-4423-A3E0-BBBD789DB7BB}.Release|Any CPU.Build.0 = Release|Any CPU
		{C1AF4D12-4536-4B84-8098-E5D46CD74721}.Debug|Any CPU.ActiveCfg = Debug|Any CPU
		{C1AF4D12-4536-4B84-8098-E5D46CD74721}.Debug|Any CPU.Build.0 = Debug|Any CPU
		{C1AF4D12-4536-4B84-8098-E5D46CD74721}.Release|Any CPU.ActiveCfg = Release|Any CPU
		{C1AF4D12-4536-4B84-8098-E5D46CD74721}.Release|Any CPU.Build.0 = Release|Any CPU
		{4F7D7D9C-9258-48BA-BB50-61B7400D83AD}.Debug|Any CPU.ActiveCfg = Debug|Any CPU
		{4F7D7D9C-9258-48BA-BB50-61B7400D83AD}.Debug|Any CPU.Build.0 = Debug|Any CPU
		{4F7D7D9C-9258-48BA-BB50-61B7400D83AD}.Release|Any CPU.ActiveCfg = Release|Any CPU
		{4F7D7D9C-9258-48BA-BB50-61B7400D83AD}.Release|Any CPU.Build.0 = Release|Any CPU
		{DCE65431-0E92-4D66-8DB0-50F193F39659}.Debug|Any CPU.ActiveCfg = Debug|Any CPU
		{DCE65431-0E92-4D66-8DB0-50F193F39659}.Debug|Any CPU.Build.0 = Debug|Any CPU
		{DCE65431-0E92-4D66-8DB0-50F193F39659}.Release|Any CPU.ActiveCfg = Release|Any CPU
		{DCE65431-0E92-4D66-8DB0-50F193F39659}.Release|Any CPU.Build.0 = Release|Any CPU
		{18706898-7BC2-494E-8B55-3884004FF0D2}.Debug|Any CPU.ActiveCfg = Debug|Any CPU
		{18706898-7BC2-494E-8B55-3884004FF0D2}.Debug|Any CPU.Build.0 = Debug|Any CPU
		{18706898-7BC2-494E-8B55-3884004FF0D2}.Release|Any CPU.ActiveCfg = Release|Any CPU
		{18706898-7BC2-494E-8B55-3884004FF0D2}.Release|Any CPU.Build.0 = Release|Any CPU
		{810ECC99-49A2-464C-AB20-1A692DC62BE4}.Debug|Any CPU.ActiveCfg = Debug|Any CPU
		{810ECC99-49A2-464C-AB20-1A692DC62BE4}.Debug|Any CPU.Build.0 = Debug|Any CPU
		{810ECC99-49A2-464C-AB20-1A692DC62BE4}.Release|Any CPU.ActiveCfg = Release|Any CPU
		{810ECC99-49A2-464C-AB20-1A692DC62BE4}.Release|Any CPU.Build.0 = Release|Any CPU
		{58E91FC5-8997-4F3E-B67C-1D8092C7F0F4}.Debug|Any CPU.ActiveCfg = Debug|Any CPU
		{58E91FC5-8997-4F3E-B67C-1D8092C7F0F4}.Debug|Any CPU.Build.0 = Debug|Any CPU
		{58E91FC5-8997-4F3E-B67C-1D8092C7F0F4}.Release|Any CPU.ActiveCfg = Release|Any CPU
		{58E91FC5-8997-4F3E-B67C-1D8092C7F0F4}.Release|Any CPU.Build.0 = Release|Any CPU
		{C39C75E5-17E6-4FF2-BCAE-2FE189E62DD0}.Debug|Any CPU.ActiveCfg = Debug|Any CPU
		{C39C75E5-17E6-4FF2-BCAE-2FE189E62DD0}.Debug|Any CPU.Build.0 = Debug|Any CPU
		{C39C75E5-17E6-4FF2-BCAE-2FE189E62DD0}.Release|Any CPU.ActiveCfg = Release|Any CPU
		{C39C75E5-17E6-4FF2-BCAE-2FE189E62DD0}.Release|Any CPU.Build.0 = Release|Any CPU
		{CCBEBF6E-007A-434A-9868-232979004292}.Debug|Any CPU.ActiveCfg = Debug|Any CPU
		{CCBEBF6E-007A-434A-9868-232979004292}.Debug|Any CPU.Build.0 = Debug|Any CPU
		{CCBEBF6E-007A-434A-9868-232979004292}.Release|Any CPU.ActiveCfg = Release|Any CPU
		{CCBEBF6E-007A-434A-9868-232979004292}.Release|Any CPU.Build.0 = Release|Any CPU
		{3964B8AF-7E3B-4393-A25B-0D79D69914DF}.Debug|Any CPU.ActiveCfg = Debug|Any CPU
		{3964B8AF-7E3B-4393-A25B-0D79D69914DF}.Debug|Any CPU.Build.0 = Debug|Any CPU
		{3964B8AF-7E3B-4393-A25B-0D79D69914DF}.Release|Any CPU.ActiveCfg = Release|Any CPU
		{3964B8AF-7E3B-4393-A25B-0D79D69914DF}.Release|Any CPU.Build.0 = Release|Any CPU
		{DBFAF772-FAD7-4DA6-99C3-A86C2A3A2496}.Debug|Any CPU.ActiveCfg = Debug|Any CPU
		{DBFAF772-FAD7-4DA6-99C3-A86C2A3A2496}.Debug|Any CPU.Build.0 = Debug|Any CPU
		{DBFAF772-FAD7-4DA6-99C3-A86C2A3A2496}.Release|Any CPU.ActiveCfg = Release|Any CPU
		{DBFAF772-FAD7-4DA6-99C3-A86C2A3A2496}.Release|Any CPU.Build.0 = Release|Any CPU
		{AFA6AFA2-34E3-45DD-9843-D099F15BC4F0}.Debug|Any CPU.ActiveCfg = Debug|Any CPU
		{AFA6AFA2-34E3-45DD-9843-D099F15BC4F0}.Debug|Any CPU.Build.0 = Debug|Any CPU
		{AFA6AFA2-34E3-45DD-9843-D099F15BC4F0}.Release|Any CPU.ActiveCfg = Release|Any CPU
		{AFA6AFA2-34E3-45DD-9843-D099F15BC4F0}.Release|Any CPU.Build.0 = Release|Any CPU
		{A4C6D9C8-447B-4B2B-B874-26EDE8AC32A2}.Debug|Any CPU.ActiveCfg = Debug|Any CPU
		{A4C6D9C8-447B-4B2B-B874-26EDE8AC32A2}.Debug|Any CPU.Build.0 = Debug|Any CPU
		{A4C6D9C8-447B-4B2B-B874-26EDE8AC32A2}.Release|Any CPU.ActiveCfg = Release|Any CPU
		{A4C6D9C8-447B-4B2B-B874-26EDE8AC32A2}.Release|Any CPU.Build.0 = Release|Any CPU
		{E26B2C76-FDA0-415C-BABF-C79EECD6F20D}.Debug|Any CPU.ActiveCfg = Debug|Any CPU
		{E26B2C76-FDA0-415C-BABF-C79EECD6F20D}.Debug|Any CPU.Build.0 = Debug|Any CPU
		{E26B2C76-FDA0-415C-BABF-C79EECD6F20D}.Release|Any CPU.ActiveCfg = Release|Any CPU
		{E26B2C76-FDA0-415C-BABF-C79EECD6F20D}.Release|Any CPU.Build.0 = Release|Any CPU
		{63A620D3-F9D9-4836-9722-4C27DD5E3D7E}.Debug|Any CPU.ActiveCfg = Debug|Any CPU
		{63A620D3-F9D9-4836-9722-4C27DD5E3D7E}.Debug|Any CPU.Build.0 = Debug|Any CPU
		{63A620D3-F9D9-4836-9722-4C27DD5E3D7E}.Release|Any CPU.ActiveCfg = Release|Any CPU
		{63A620D3-F9D9-4836-9722-4C27DD5E3D7E}.Release|Any CPU.Build.0 = Release|Any CPU
		{CE114244-4130-4E85-8BA3-5708C6C15786}.Debug|Any CPU.ActiveCfg = Debug|Any CPU
		{CE114244-4130-4E85-8BA3-5708C6C15786}.Debug|Any CPU.Build.0 = Debug|Any CPU
		{CE114244-4130-4E85-8BA3-5708C6C15786}.Release|Any CPU.ActiveCfg = Release|Any CPU
		{CE114244-4130-4E85-8BA3-5708C6C15786}.Release|Any CPU.Build.0 = Release|Any CPU
		{81254F4F-EA11-447E-9A09-47504A3405CC}.Debug|Any CPU.ActiveCfg = Debug|Any CPU
		{81254F4F-EA11-447E-9A09-47504A3405CC}.Debug|Any CPU.Build.0 = Debug|Any CPU
		{81254F4F-EA11-447E-9A09-47504A3405CC}.Release|Any CPU.ActiveCfg = Release|Any CPU
		{81254F4F-EA11-447E-9A09-47504A3405CC}.Release|Any CPU.Build.0 = Release|Any CPU
		{25E1A4D8-F794-4E46-A853-32C86B78A0D7}.Debug|Any CPU.ActiveCfg = Debug|Any CPU
		{25E1A4D8-F794-4E46-A853-32C86B78A0D7}.Debug|Any CPU.Build.0 = Debug|Any CPU
		{25E1A4D8-F794-4E46-A853-32C86B78A0D7}.Release|Any CPU.ActiveCfg = Release|Any CPU
		{25E1A4D8-F794-4E46-A853-32C86B78A0D7}.Release|Any CPU.Build.0 = Release|Any CPU
		{5B0DDF38-AD44-4F73-AE0B-3555EB8011A9}.Debug|Any CPU.ActiveCfg = Debug|Any CPU
		{5B0DDF38-AD44-4F73-AE0B-3555EB8011A9}.Debug|Any CPU.Build.0 = Debug|Any CPU
		{5B0DDF38-AD44-4F73-AE0B-3555EB8011A9}.Release|Any CPU.ActiveCfg = Release|Any CPU
		{5B0DDF38-AD44-4F73-AE0B-3555EB8011A9}.Release|Any CPU.Build.0 = Release|Any CPU
		{12C043CB-5882-4875-882D-FE1D8ECE8E8A}.Debug|Any CPU.ActiveCfg = Debug|Any CPU
		{12C043CB-5882-4875-882D-FE1D8ECE8E8A}.Debug|Any CPU.Build.0 = Debug|Any CPU
		{12C043CB-5882-4875-882D-FE1D8ECE8E8A}.Release|Any CPU.ActiveCfg = Release|Any CPU
		{12C043CB-5882-4875-882D-FE1D8ECE8E8A}.Release|Any CPU.Build.0 = Release|Any CPU
		{8B7D3C59-F4B9-4C51-AA65-EDEE76EAB95E}.Debug|Any CPU.ActiveCfg = Debug|Any CPU
		{8B7D3C59-F4B9-4C51-AA65-EDEE76EAB95E}.Debug|Any CPU.Build.0 = Debug|Any CPU
		{8B7D3C59-F4B9-4C51-AA65-EDEE76EAB95E}.Release|Any CPU.ActiveCfg = Release|Any CPU
		{8B7D3C59-F4B9-4C51-AA65-EDEE76EAB95E}.Release|Any CPU.Build.0 = Release|Any CPU
		{816E4877-9C47-4B84-AECC-E17FD7D065B8}.Debug|Any CPU.ActiveCfg = Debug|Any CPU
		{816E4877-9C47-4B84-AECC-E17FD7D065B8}.Debug|Any CPU.Build.0 = Debug|Any CPU
		{816E4877-9C47-4B84-AECC-E17FD7D065B8}.Release|Any CPU.ActiveCfg = Release|Any CPU
		{816E4877-9C47-4B84-AECC-E17FD7D065B8}.Release|Any CPU.Build.0 = Release|Any CPU
		{40F8ECC2-4965-403C-9325-9FB3EB55FDFA}.Debug|Any CPU.ActiveCfg = Debug|Any CPU
		{40F8ECC2-4965-403C-9325-9FB3EB55FDFA}.Debug|Any CPU.Build.0 = Debug|Any CPU
		{40F8ECC2-4965-403C-9325-9FB3EB55FDFA}.Release|Any CPU.ActiveCfg = Release|Any CPU
		{40F8ECC2-4965-403C-9325-9FB3EB55FDFA}.Release|Any CPU.Build.0 = Release|Any CPU
		{5A70745E-515B-4F4C-9EC5-D18C79D5FC01}.Debug|Any CPU.ActiveCfg = Debug|Any CPU
		{5A70745E-515B-4F4C-9EC5-D18C79D5FC01}.Debug|Any CPU.Build.0 = Debug|Any CPU
		{5A70745E-515B-4F4C-9EC5-D18C79D5FC01}.Release|Any CPU.ActiveCfg = Release|Any CPU
		{5A70745E-515B-4F4C-9EC5-D18C79D5FC01}.Release|Any CPU.Build.0 = Release|Any CPU
	EndGlobalSection
	GlobalSection(SolutionProperties) = preSolution
		HideSolutionNode = FALSE
	EndGlobalSection
	GlobalSection(ExtensibilityGlobals) = postSolution
		SolutionGuid = {07ADAE52-649D-439E-9B57-B2547E1689B2}
	EndGlobalSection
EndGlobal
